
Microsoft Visual Studio Solution File, Format Version 12.00
# Visual Studio Version 17
VisualStudioVersion = 17.5.002.0
MinimumVisualStudioVersion = 10.0.40219.1
Project("{9A19103F-16F7-4668-BE54-9A1E7A4F7556}") = "prototype-exo-2", "prototype-exo-2.csproj", "{3D6659DF-8098-4279-A925-3A60D8973381}"
EndProject
Global
	GlobalSection(SolutionConfigurationPlatforms) = preSolution
		Debug|Any CPU = Debug|Any CPU
		Release|Any CPU = Release|Any CPU
	EndGlobalSection
	GlobalSection(ProjectConfigurationPlatforms) = postSolution
		{3D6659DF-8098-4279-A925-3A60D8973381}.Debug|Any CPU.ActiveCfg = Debug|Any CPU
		{3D6659DF-8098-4279-A925-3A60D8973381}.Debug|Any CPU.Build.0 = Debug|Any CPU
		{3D6659DF-8098-4279-A925-3A60D8973381}.Release|Any CPU.ActiveCfg = Release|Any CPU
		{3D6659DF-8098-4279-A925-3A60D8973381}.Release|Any CPU.Build.0 = Release|Any CPU
	EndGlobalSection
	GlobalSection(SolutionProperties) = preSolution
		HideSolutionNode = FALSE
	EndGlobalSection
	GlobalSection(ExtensibilityGlobals) = postSolution
		SolutionGuid = {C6BCB90A-F96D-4674-91C6-F202C9E0C3F6}
	EndGlobalSection
EndGlobal
