
Microsoft Visual Studio Solution File, Format Version 12.00
# Visual Studio Version 17
VisualStudioVersion = 17.5.002.0
MinimumVisualStudioVersion = 10.0.40219.1
Project("{9A19103F-16F7-4668-BE54-9A1E7A4F7556}") = "pattern-bridge", "pattern-bridge.csproj", "{3FA7E04C-5999-48A0-998F-613E355F0C82}"
EndProject
Global
	GlobalSection(SolutionConfigurationPlatforms) = preSolution
		Debug|Any CPU = Debug|Any CPU
		Release|Any CPU = Release|Any CPU
	EndGlobalSection
	GlobalSection(ProjectConfigurationPlatforms) = postSolution
		{3FA7E04C-5999-48A0-998F-613E355F0C82}.Debug|Any CPU.ActiveCfg = Debug|Any CPU
		{3FA7E04C-5999-48A0-998F-613E355F0C82}.Debug|Any CPU.Build.0 = Debug|Any CPU
		{3FA7E04C-5999-48A0-998F-613E355F0C82}.Release|Any CPU.ActiveCfg = Release|Any CPU
		{3FA7E04C-5999-48A0-998F-613E355F0C82}.Release|Any CPU.Build.0 = Release|Any CPU
	EndGlobalSection
	GlobalSection(SolutionProperties) = preSolution
		HideSolutionNode = FALSE
	EndGlobalSection
	GlobalSection(ExtensibilityGlobals) = postSolution
		SolutionGuid = {416F1E1A-B3AE-4CD0-99E0-013B419059D1}
	EndGlobalSection
EndGlobal
